
Microsoft Visual Studio Solution File, Format Version 12.00
# Visual Studio 15
VisualStudioVersion = 15.0.28010.2050
MinimumVisualStudioVersion = 10.0.40219.1
Project("{FAE04EC0-301F-11D3-BF4B-00C04F79EFBC}") = "EntitySplitDF2", "EntitySplitDF2\EntitySplitDF2.csproj", "{A7CBFA16-F5E2-4010-A5A4-50B3B20BF736}"
EndProject
Global
	GlobalSection(SolutionConfigurationPlatforms) = preSolution
		Debug|Any CPU = Debug|Any CPU
		Release|Any CPU = Release|Any CPU
	EndGlobalSection
	GlobalSection(ProjectConfigurationPlatforms) = postSolution
		{A7CBFA16-F5E2-4010-A5A4-50B3B20BF736}.Debug|Any CPU.ActiveCfg = Debug|Any CPU
		{A7CBFA16-F5E2-4010-A5A4-50B3B20BF736}.Debug|Any CPU.Build.0 = Debug|Any CPU
		{A7CBFA16-F5E2-4010-A5A4-50B3B20BF736}.Release|Any CPU.ActiveCfg = Release|Any CPU
		{A7CBFA16-F5E2-4010-A5A4-50B3B20BF736}.Release|Any CPU.Build.0 = Release|Any CPU
	EndGlobalSection
	GlobalSection(SolutionProperties) = preSolution
		HideSolutionNode = FALSE
	EndGlobalSection
	GlobalSection(ExtensibilityGlobals) = postSolution
		SolutionGuid = {362B2720-5C77-4BC2-A276-C834EAA3BE15}
	EndGlobalSection
EndGlobal
